
Microsoft Visual Studio Solution File, Format Version 12.00
# Visual Studio Version 16
VisualStudioVersion = 16.0.31112.23
MinimumVisualStudioVersion = 10.0.40219.1
Project("{FAE04EC0-301F-11D3-BF4B-00C04F79EFBC}") = "QuanLyPhongTro", "QuanLyPhongTro\QuanLyPhongTro.csproj", "{8868C0EF-4C7E-4E2B-B53E-1F973C6D5DB3}"
EndProject
Global
	GlobalSection(SolutionConfigurationPlatforms) = preSolution
		Debug|Any CPU = Debug|Any CPU
		Release|Any CPU = Release|Any CPU
	EndGlobalSection
	GlobalSection(ProjectConfigurationPlatforms) = postSolution
		{8868C0EF-4C7E-4E2B-B53E-1F973C6D5DB3}.Debug|Any CPU.ActiveCfg = Debug|Any CPU
		{8868C0EF-4C7E-4E2B-B53E-1F973C6D5DB3}.Debug|Any CPU.Build.0 = Debug|Any CPU
		{8868C0EF-4C7E-4E2B-B53E-1F973C6D5DB3}.Release|Any CPU.ActiveCfg = Release|Any CPU
		{8868C0EF-4C7E-4E2B-B53E-1F973C6D5DB3}.Release|Any CPU.Build.0 = Release|Any CPU
	EndGlobalSection
	GlobalSection(SolutionProperties) = preSolution
		HideSolutionNode = FALSE
	EndGlobalSection
	GlobalSection(ExtensibilityGlobals) = postSolution
		SolutionGuid = {D18CA073-847B-43E9-B3AE-4CE0780F720B}
	EndGlobalSection
EndGlobal
